
Microsoft Visual Studio Solution File, Format Version 12.00
Project("{2150E333-8FDC-42A3-9474-1A3956D46DE8}") = "Solution Items", "Solution Items", "{D41C2B34-6417-427E-B843-8C93799EAFB6}"
	ProjectSection(SolutionItems) = preProject
		Directory.Packages.props = Directory.Packages.props
		global.json = global.json
		..\.gitignore = ..\.gitignore
	EndProjectSection
EndProject
Project("{9A19103F-16F7-4668-BE54-9A1E7A4F7556}") = "UserRegistration.Hosting", "UserRegistration.Hosting\UserRegistration.Hosting.csproj", "{073C2C60-3B94-4F5B-ADAC-7478F778E55E}"
EndProject
Project("{FAE04EC0-301F-11D3-BF4B-00C04F79EFBC}") = "UserRegistration.UserManagement", "UserRegistration.UserManagement\UserRegistration.UserManagement.csproj", "{C67D3DC5-3030-4957-82BA-178EF68F7C24}"
EndProject
Project("{FAE04EC0-301F-11D3-BF4B-00C04F79EFBC}") = "UserRegistration.Events", "UserRegistration.Events\UserRegistration.Events.csproj", "{DB162F2F-87EA-4533-A94A-8392D2A2B5D1}"
EndProject
Project("{FAE04EC0-301F-11D3-BF4B-00C04F79EFBC}") = "UserRegistration.WebApi.Contracts", "UserRegistration.WebApi.Contracts\UserRegistration.WebApi.Contracts.csproj", "{7CA1C253-9C06-4079-A49E-6C85B41375F8}"
EndProject
Project("{2150E333-8FDC-42A3-9474-1A3956D46DE8}") = "Common", "Common", "{CA1785FF-A1DF-4DEC-ADD0-ADF1172DDD53}"
EndProject
Project("{FAE04EC0-301F-11D3-BF4B-00C04F79EFBC}") = "Common.Contracts", "Common.Contracts\Common.Contracts.csproj", "{0ABE066A-809B-4E11-9B01-8B9D94C54CF6}"
EndProject
Project("{2150E333-8FDC-42A3-9474-1A3956D46DE8}") = "Testing", "Testing", "{5C7512BC-04E6-4C97-987D-B3C2EB5D501E}"
EndProject
Project("{FAE04EC0-301F-11D3-BF4B-00C04F79EFBC}") = "UserRegistration.Testing.ComponentTests", "UserRegistration.Testing.ComponentTests\UserRegistration.Testing.ComponentTests.csproj", "{24FFA9D6-B9C9-4B50-8CE9-2DA08B562CB0}"
EndProject
Project("{FAE04EC0-301F-11D3-BF4B-00C04F79EFBC}") = "UserRegistration.Testing.Common", "UserRegistration.Testing.Common\UserRegistration.Testing.Common.csproj", "{2031029B-92F1-46FF-922A-3671AB179F68}"
EndProject
Project("{FAE04EC0-301F-11D3-BF4B-00C04F79EFBC}") = "UserRegistration.WebApi.Client", "UserRegistration.WebApi.Client\UserRegistration.WebApi.Client.csproj", "{BE5987AE-AD75-4C7D-A057-B7190C23E64F}"
EndProject
Project("{FAE04EC0-301F-11D3-BF4B-00C04F79EFBC}") = "UserRegistration.UserManagement.Abstractions", "UserRegistration.UserManagement.Abstractions\UserRegistration.UserManagement.Abstractions.csproj", "{DD679BE6-C3CC-4A1D-9206-3907170EA5CD}"
EndProject
Project("{FAE04EC0-301F-11D3-BF4B-00C04F79EFBC}") = "UserRegistration.Storage", "UserRegistration.Storage\UserRegistration.Storage.csproj", "{1CCF4526-10CD-4925-93D2-436488DF3928}"
EndProject
Project("{FAE04EC0-301F-11D3-BF4B-00C04F79EFBC}") = "UserRegistration.Storage.Contracts", "UserRegistration.Storage.Contracts\UserRegistration.Storage.Contracts.csproj", "{1326AA6B-9148-4F47-96C4-6EB44845487F}"
EndProject
Global
	GlobalSection(SolutionConfigurationPlatforms) = preSolution
		Debug|Any CPU = Debug|Any CPU
		Release|Any CPU = Release|Any CPU
	EndGlobalSection
	GlobalSection(ProjectConfigurationPlatforms) = postSolution
		{073C2C60-3B94-4F5B-ADAC-7478F778E55E}.Debug|Any CPU.ActiveCfg = Debug|Any CPU
		{073C2C60-3B94-4F5B-ADAC-7478F778E55E}.Debug|Any CPU.Build.0 = Debug|Any CPU
		{073C2C60-3B94-4F5B-ADAC-7478F778E55E}.Release|Any CPU.ActiveCfg = Release|Any CPU
		{073C2C60-3B94-4F5B-ADAC-7478F778E55E}.Release|Any CPU.Build.0 = Release|Any CPU
		{C67D3DC5-3030-4957-82BA-178EF68F7C24}.Debug|Any CPU.ActiveCfg = Debug|Any CPU
		{C67D3DC5-3030-4957-82BA-178EF68F7C24}.Debug|Any CPU.Build.0 = Debug|Any CPU
		{C67D3DC5-3030-4957-82BA-178EF68F7C24}.Release|Any CPU.ActiveCfg = Release|Any CPU
		{C67D3DC5-3030-4957-82BA-178EF68F7C24}.Release|Any CPU.Build.0 = Release|Any CPU
		{DB162F2F-87EA-4533-A94A-8392D2A2B5D1}.Debug|Any CPU.ActiveCfg = Debug|Any CPU
		{DB162F2F-87EA-4533-A94A-8392D2A2B5D1}.Debug|Any CPU.Build.0 = Debug|Any CPU
		{DB162F2F-87EA-4533-A94A-8392D2A2B5D1}.Release|Any CPU.ActiveCfg = Release|Any CPU
		{DB162F2F-87EA-4533-A94A-8392D2A2B5D1}.Release|Any CPU.Build.0 = Release|Any CPU
		{7CA1C253-9C06-4079-A49E-6C85B41375F8}.Debug|Any CPU.ActiveCfg = Debug|Any CPU
		{7CA1C253-9C06-4079-A49E-6C85B41375F8}.Debug|Any CPU.Build.0 = Debug|Any CPU
		{7CA1C253-9C06-4079-A49E-6C85B41375F8}.Release|Any CPU.ActiveCfg = Release|Any CPU
		{7CA1C253-9C06-4079-A49E-6C85B41375F8}.Release|Any CPU.Build.0 = Release|Any CPU
		{0ABE066A-809B-4E11-9B01-8B9D94C54CF6}.Debug|Any CPU.ActiveCfg = Debug|Any CPU
		{0ABE066A-809B-4E11-9B01-8B9D94C54CF6}.Debug|Any CPU.Build.0 = Debug|Any CPU
		{0ABE066A-809B-4E11-9B01-8B9D94C54CF6}.Release|Any CPU.ActiveCfg = Release|Any CPU
		{0ABE066A-809B-4E11-9B01-8B9D94C54CF6}.Release|Any CPU.Build.0 = Release|Any CPU
		{24FFA9D6-B9C9-4B50-8CE9-2DA08B562CB0}.Debug|Any CPU.ActiveCfg = Debug|Any CPU
		{24FFA9D6-B9C9-4B50-8CE9-2DA08B562CB0}.Debug|Any CPU.Build.0 = Debug|Any CPU
		{24FFA9D6-B9C9-4B50-8CE9-2DA08B562CB0}.Release|Any CPU.ActiveCfg = Release|Any CPU
		{24FFA9D6-B9C9-4B50-8CE9-2DA08B562CB0}.Release|Any CPU.Build.0 = Release|Any CPU
		{2031029B-92F1-46FF-922A-3671AB179F68}.Debug|Any CPU.ActiveCfg = Debug|Any CPU
		{2031029B-92F1-46FF-922A-3671AB179F68}.Debug|Any CPU.Build.0 = Debug|Any CPU
		{2031029B-92F1-46FF-922A-3671AB179F68}.Release|Any CPU.ActiveCfg = Release|Any CPU
		{2031029B-92F1-46FF-922A-3671AB179F68}.Release|Any CPU.Build.0 = Release|Any CPU
		{BE5987AE-AD75-4C7D-A057-B7190C23E64F}.Debug|Any CPU.ActiveCfg = Debug|Any CPU
		{BE5987AE-AD75-4C7D-A057-B7190C23E64F}.Debug|Any CPU.Build.0 = Debug|Any CPU
		{BE5987AE-AD75-4C7D-A057-B7190C23E64F}.Release|Any CPU.ActiveCfg = Release|Any CPU
		{BE5987AE-AD75-4C7D-A057-B7190C23E64F}.Release|Any CPU.Build.0 = Release|Any CPU
		{DD679BE6-C3CC-4A1D-9206-3907170EA5CD}.Debug|Any CPU.ActiveCfg = Debug|Any CPU
		{DD679BE6-C3CC-4A1D-9206-3907170EA5CD}.Debug|Any CPU.Build.0 = Debug|Any CPU
		{DD679BE6-C3CC-4A1D-9206-3907170EA5CD}.Release|Any CPU.ActiveCfg = Release|Any CPU
		{DD679BE6-C3CC-4A1D-9206-3907170EA5CD}.Release|Any CPU.Build.0 = Release|Any CPU
		{1CCF4526-10CD-4925-93D2-436488DF3928}.Debug|Any CPU.ActiveCfg = Debug|Any CPU
		{1CCF4526-10CD-4925-93D2-436488DF3928}.Debug|Any CPU.Build.0 = Debug|Any CPU
		{1CCF4526-10CD-4925-93D2-436488DF3928}.Release|Any CPU.ActiveCfg = Release|Any CPU
		{1CCF4526-10CD-4925-93D2-436488DF3928}.Release|Any CPU.Build.0 = Release|Any CPU
		{1326AA6B-9148-4F47-96C4-6EB44845487F}.Debug|Any CPU.ActiveCfg = Debug|Any CPU
		{1326AA6B-9148-4F47-96C4-6EB44845487F}.Debug|Any CPU.Build.0 = Debug|Any CPU
		{1326AA6B-9148-4F47-96C4-6EB44845487F}.Release|Any CPU.ActiveCfg = Release|Any CPU
		{1326AA6B-9148-4F47-96C4-6EB44845487F}.Release|Any CPU.Build.0 = Release|Any CPU
	EndGlobalSection
	GlobalSection(NestedProjects) = preSolution
		{0ABE066A-809B-4E11-9B01-8B9D94C54CF6} = {CA1785FF-A1DF-4DEC-ADD0-ADF1172DDD53}
		{24FFA9D6-B9C9-4B50-8CE9-2DA08B562CB0} = {5C7512BC-04E6-4C97-987D-B3C2EB5D501E}
		{2031029B-92F1-46FF-922A-3671AB179F68} = {5C7512BC-04E6-4C97-987D-B3C2EB5D501E}
	EndGlobalSection
EndGlobal
